lockfileVersion: '9.0'

settings:
  autoInstallPeers: true
  excludeLinksFromLockfile: false

importers:

  .: {}

  apps/acp-process:
    dependencies:
      '@agentclientprotocol/sdk':
        specifier: ^0.22.0
        version: 0.22.1(zod@4.4.3)
      effect:
        specifier: 4.0.0-beta.87
        version: 4.0.0-beta.87
    devDependencies:
      '@effect/platform-node':
        specifier: 4.0.0-beta.87
        version: 4.0.0-beta.87(effect@4.0.0-beta.87)(ioredis@5.11.1)
      '@types/node':
        specifier: ^22.10.0
        version: 22.20.0

  apps/examples/full-stack-service:
    dependencies:
      '@firegrid/fluent':
        specifier: workspace:*
        version: link:../../../packages/fluent
      '@firegrid/runtime':
        specifier: workspace:*
        version: link:../../../packages/runtime
      '@firegrid/store':
        specifier: workspace:*
        version: link:../../../src/Firegrid.Store
    devDependencies:
      '@types/node':
        specifier: ^22.10.0
        version: 22.20.0
      effect:
        specifier: 4.0.0-beta.87
        version: 4.0.0-beta.87

  apps/proofs:
    dependencies:
      '@effect/opentelemetry':
        specifier: 4.0.0-beta.87
        version: 4.0.0-beta.87(@opentelemetry/api-logs@0.208.0)(@opentelemetry/api@1.9.1)(@opentelemetry/resources@2.8.0(@opentelemetry/api@1.9.1))(@opentelemetry/sdk-logs@0.208.0(@opentelemetry/api@1.9.1))(@opentelemetry/sdk-metrics@2.8.0(@opentelemetry/api@1.9.1))(@opentelemetry/sdk-trace-base@2.8.0(@opentelemetry/api@1.9.1))(@opentelemetry/sdk-trace-node@2.8.0(@opentelemetry/api@1.9.1))(@opentelemetry/semantic-conventions@1.41.1)(effect@4.0.0-beta.87)
      '@effect/platform-node':
        specifier: 4.0.0-beta.87
        version: 4.0.0-beta.87(effect@4.0.0-beta.87)(ioredis@5.11.1)
      '@firegrid/fluent':
        specifier: workspace:*
        version: link:../../packages/fluent
      '@firegrid/log':
        specifier: workspace:*
        version: link:../../src/Firegrid.Log
      '@firegrid/trace':
        specifier: workspace:*
        version: link:../../packages/trace
      '@opentelemetry/api-logs':
        specifier: ^0.208.0
        version: 0.208.0
      '@opentelemetry/resources':
        specifier: ^2.8.0
        version: 2.8.0(@opentelemetry/api@1.9.1)
      '@opentelemetry/sdk-logs':
        specifier: ^0.208.0
        version: 0.208.0(@opentelemetry/api@1.9.1)
      '@opentelemetry/sdk-metrics':
        specifier: ^2.8.0
        version: 2.8.0(@opentelemetry/api@1.9.1)
      '@opentelemetry/sdk-trace-base':
        specifier: ^2.8.0
        version: 2.8.0(@opentelemetry/api@1.9.1)
      '@opentelemetry/sdk-trace-node':
        specifier: ^2.8.0
        version: 2.8.0(@opentelemetry/api@1.9.1)
      effect:
        specifier: 4.0.0-beta.87
        version: 4.0.0-beta.87
    devDependencies:
      '@types/node':
        specifier: ^22.10.0
        version: 22.20.0

  packages/core:
    dependencies:
      '@marcbachmann/cel-js':
        specifier: ^7.6.1
        version: 7.6.1
      '@standard-schema/spec':
        specifier: ^1.0.0
        version: 1.1.0
      effect:
        specifier: 4.0.0-beta.87
        version: 4.0.0-beta.87
    devDependencies:
      '@types/node':
        specifier: ^22.10.0
        version: 22.20.0

  packages/fluent:
    dependencies:
      '@firegrid/core':
        specifier: workspace:*
        version: link:../core
      '@firegrid/runtime':
        specifier: workspace:*
        version: link:../runtime
      '@marcbachmann/cel-js':
        specifier: ^7.6.1
        version: 7.6.1
      effect:
        specifier: 4.0.0-beta.87
        version: 4.0.0-beta.87

  packages/runtime:
    dependencies:
      '@firegrid/core':
        specifier: workspace:*
        version: link:../core
    devDependencies:
      '@types/node':
        specifier: ^22.10.0
        version: 22.20.0

  packages/trace:
    dependencies:
      '@opentelemetry/api':
        specifier: ^1.9.1
        version: 1.9.1
      '@opentelemetry/core':
        specifier: ^2.7.1
        version: 2.8.0(@opentelemetry/api@1.9.1)
      '@opentelemetry/sdk-trace-base':
        specifier: ^2.7.1
        version: 2.8.0(@opentelemetry/api@1.9.1)
      chdb:
        specifier: ^3.0.1
        version: 3.1.0
      effect:
        specifier: 4.0.0-beta.87
        version: 4.0.0-beta.87

  src/Firegrid.Log:
    dependencies:
      '@s2-dev/streamstore':
        specifier: 0.24.1
        version: 0.24.1

  src/Firegrid.Store:
    dependencies:
      '@firegrid/log':
        specifier: workspace:*
        version: link:../Firegrid.Log
      '@s2-dev/streamstore':
        specifier: 0.24.1
        version: 0.24.1
      effect:
        specifier: 4.0.0-beta.87
        version: 4.0.0-beta.87

packages:

  '@agentclientprotocol/sdk@0.22.1':
    resolution: {integrity: sha512-DfqXtl/8gO9NImq094MTaCXEU2vkhh6v7q/kT+9UjZxUqj8hYaya2OjLVIqn16MzNHcXEpShTR2RIauLSYeDQQ==}
    peerDependencies:
      zod: ^3.25.0 || ^4.0.0

  '@chdb/lib-darwin-arm64@26.5.2':
    resolution: {integrity: sha512-dJGw6uLmBQegU0ddWsG2N9E+uSKCW0CJqYBZK5qlz+D9hXxGGnm7Ox8Uo/nQ870Q/1qKbrTF2Zp9BOEHokluhQ==}
    cpu: [arm64]
    os: [darwin]

  '@chdb/lib-darwin-x64@26.5.2':
    resolution: {integrity: sha512-uY1AHR2oZyEBG1fKT24JrYO/UK8fmKNXYA7pp3jfIuKTEetz2ssIrImRJb8zMRIMWQkFcso8CwpIYrmQ0PleSg==}
    cpu: [x64]
    os: [darwin]

  '@chdb/lib-linux-arm64-gnu@26.5.2':
    resolution: {integrity: sha512-BayHMFnyxGp3/na9Wz3jfhXk6SxY+Kxv3u7pVsZ67JViDkAhMdVTGAcGvNbv9HESrC65mk0r4yjhaz5HB9pEGg==}
    cpu: [arm64]
    os: [linux]

  '@chdb/lib-linux-x64-gnu@26.5.2':
    resolution: {integrity: sha512-yOUe6xu1HpkB21KFOn4MNx16SQtPnuVm5zYR3dFjIYtBf4tvapdJuHcHlKLSVgu1z5hGoI4oca/URFLSy9C4ow==}
    cpu: [x64]
    os: [linux]

  '@clickhouse/client-common@1.22.0':
    resolution: {integrity: sha512-MQgXRhoYXut6GhRrTJlub42bnPX7+5Vm+5gHNR0zZXU5+EwZKsBgMXiWXPOerAmQd3weGKm8hzoeZJCfU3Cw2w==}

  '@effect/opentelemetry@4.0.0-beta.87':
    resolution: {integrity: sha512-bSrEHEQpvzyrcnPIt9m5Z6tUcF3yNjFv8pa5/9lsa3fWmLIJfYFSyw0G7XxVrZ95udfyZjC854S+eHHmu8JkEA==}
    engines: {node: '>=18.0.0'}
    peerDependencies:
      '@opentelemetry/api': ^1.9
      '@opentelemetry/api-logs': '>=0.203.0 <0.300.0'
      '@opentelemetry/resources': ^2.0.0
      '@opentelemetry/sdk-logs': '>=0.203.0 <0.300.0'
      '@opentelemetry/sdk-metrics': ^2.0.0
      '@opentelemetry/sdk-trace-base': ^2.0.0
      '@opentelemetry/sdk-trace-node': ^2.0.0
      '@opentelemetry/sdk-trace-web': ^2.0.0
      '@opentelemetry/semantic-conventions': ^1.33.0
      effect: ^4.0.0-beta.87
    peerDependenciesMeta:
      '@opentelemetry/api':
        optional: true
      '@opentelemetry/api-logs':
        optional: true
      '@opentelemetry/resources':
        optional: true
      '@opentelemetry/sdk-logs':
        optional: true
      '@opentelemetry/sdk-metrics':
        optional: true
      '@opentelemetry/sdk-trace-base':
        optional: true
      '@opentelemetry/sdk-trace-node':
        optional: true
      '@opentelemetry/sdk-trace-web':
        optional: true

  '@effect/platform-node-shared@4.0.0-beta.90':
    resolution: {integrity: sha512-0UlZgqJdAjcEr6RtLSqeOtTBeuLO03cTX4FKpzW1nTCScz3wGpELgcaU/T+fURf4LBiD0QQS3tcOYTN/T+qFsw==}
    engines: {node: '>=18.0.0'}
    peerDependencies:
      effect: ^4.0.0-beta.90

  '@effect/platform-node@4.0.0-beta.87':
    resolution: {integrity: sha512-bmW72GSCWcvsQStO39BmRgwcQ+311qXm9/MjllS6MgtYP0Id0Ivlysj5L+YTjCRwfJAimmlZEWBphWTwbA+bXw==}
    engines: {node: '>=18.0.0'}
    peerDependencies:
      effect: ^4.0.0-beta.87
      ioredis: ^5.7.0

  '@ioredis/commands@1.10.0':
    resolution: {integrity: sha512-UmeW7z4LfctwoQ5wkhVzgq8tXkreED2xZGpX+Bg+zA+WJFZCT6c062AfCK/Dfk81xZnnwdhJCUMkitihRaoC2Q==}

  '@marcbachmann/cel-js@7.6.1':
    resolution: {integrity: sha512-YyY8yiDU07ByKb2rJUoNgMAkYeeDvkdrONBREV2MP9siAW7yNft0KfbIoonWTIMY0fGtv8og0EhzKx3Xsi1Nmg==}
    engines: {node: '>=20.19.0'}
    hasBin: true

  '@msgpackr-extract/msgpackr-extract-darwin-arm64@3.0.4':
    resolution: {integrity: sha512-LCkGo6JDfaBhgST7UpPWgNgLINpcpabaHfyz5OBx75nUYxBsaEPxjnyNjWpeb/xBup/682QnBfRBy2/LvPutZQ==}
    cpu: [arm64]
    os: [darwin]

  '@msgpackr-extract/msgpackr-extract-darwin-x64@3.0.4':
    resolution: {integrity: sha512-zExlW9zUJKZH/tOtVMttwjKa4Xm/3KcNjnE3dPN92uCktwavMxpgCA3MoJK/DOnTWsQgo224OaST27/mPNAf+w==}
    cpu: [x64]
    os: [darwin]

  '@msgpackr-extract/msgpackr-extract-linux-arm64@3.0.4':
    resolution: {integrity: sha512-dgX0P/9wGPJeHFBG+ZmhgE6bmtMt7NP5CRBGyyktpopdk/mW4POnrpQsSLtKI1dwpc+pPLuXHDh6vvskyQE/sw==}
    cpu: [arm64]
    os: [linux]

  '@msgpackr-extract/msgpackr-extract-linux-arm@3.0.4':
    resolution: {integrity: sha512-Tg3yX65f5GbtXLkrYEHE5oibZG9epyYWas7FogTTEJeDEF9JlXJzKgXaNhT3UXlTOeA+AfZpYZYZ0uPj7Cfquw==}
    cpu: [arm]
    os: [linux]

  '@msgpackr-extract/msgpackr-extract-linux-x64@3.0.4':
    resolution: {integrity: sha512-8TNXMEjJc3QEy7R/x1INhgiU+XakDAFUzBhaz7+Rbrs8NH5UQeHQxxmzsSBJGyV6I1jW79undiQm8tOI+D+8FQ==}
    cpu: [x64]
    os: [linux]

  '@msgpackr-extract/msgpackr-extract-win32-x64@3.0.4':
    resolution: {integrity: sha512-CmCXPQrkbwExx3j946/PtHWHbYJiCRBRDl4BlkRQcJB/YOwQxJRTpoo7aTsortjgoJ1x7opzTSxn7C+ASSLVjQ==}
    cpu: [x64]
    os: [win32]

  '@opentelemetry/api-logs@0.208.0':
    resolution: {integrity: sha512-CjruKY9V6NMssL/T1kAFgzosF1v9o6oeN+aX5JB/C/xPNtmgIJqcXHG7fA82Ou1zCpWGl4lROQUKwUNE1pMCyg==}
    engines: {node: '>=8.0.0'}

  '@opentelemetry/api@1.9.1':
    resolution: {integrity: sha512-gLyJlPHPZYdAk1JENA9LeHejZe1Ti77/pTeFm/nMXmQH/HFZlcS/O2XJB+L8fkbrNSqhdtlvjBVjxwUYanNH5Q==}
    engines: {node: '>=8.0.0'}

  '@opentelemetry/context-async-hooks@2.8.0':
    resolution: {integrity: sha512-/3FIraneMcng67SUJCxvyInk/oxzwsxyadufk0wwfOBLf5wqtAGX4MoQASwSbndBPeARzBryUM9Azr5kHIdWLw==}
    engines: {node: ^18.19.0 || >=20.6.0}
    peerDependencies:
      '@opentelemetry/api': '>=1.0.0 <1.10.0'

  '@opentelemetry/core@2.2.0':
    resolution: {integrity: sha512-FuabnnUm8LflnieVxs6eP7Z383hgQU4W1e3KJS6aOG3RxWxcHyBxH8fDMHNgu/gFx/M2jvTOW/4/PHhLz6bjWw==}
    engines: {node: ^18.19.0 || >=20.6.0}
    peerDependencies:
      '@opentelemetry/api': '>=1.0.0 <1.10.0'

  '@opentelemetry/core@2.8.0':
    resolution: {integrity: sha512-hd1Lfh8p545nNz+jq1Ejfz+Mn1hyLuxYn1YzTfFNrxr8urEWMNQLPf1Th8kjOH+HxwawCrtgBp8JpBUR4ZSgww==}
    engines: {node: ^18.19.0 || >=20.6.0}
    peerDependencies:
      '@opentelemetry/api': '>=1.0.0 <1.10.0'

  '@opentelemetry/resources@2.2.0':
    resolution: {integrity: sha512-1pNQf/JazQTMA0BiO5NINUzH0cbLbbl7mntLa4aJNmCCXSj0q03T5ZXXL0zw4G55TjdL9Tz32cznGClf+8zr5A==}
    engines: {node: ^18.19.0 || >=20.6.0}
    peerDependencies:
      '@opentelemetry/api': '>=1.3.0 <1.10.0'

  '@opentelemetry/resources@2.8.0':
    resolution: {integrity: sha512-qmXQ27ilDbUK/vGMqwL8D4/rhn76C+sherM4wTbjlfknR8Nvfc/hCxjRJPhkzZzUsPiNg16SA31NxMabwttRjg==}
    engines: {node: ^18.19.0 || >=20.6.0}
    peerDependencies:
      '@opentelemetry/api': '>=1.3.0 <1.10.0'

  '@opentelemetry/sdk-logs@0.208.0':
    resolution: {integrity: sha512-QlAyL1jRpOeaqx7/leG1vJMp84g0xKP6gJmfELBpnI4O/9xPX+Hu5m1POk9Kl+veNkyth5t19hRlN6tNY1sjbA==}
    engines: {node: ^18.19.0 || >=20.6.0}
    peerDependencies:
      '@opentelemetry/api': '>=1.4.0 <1.10.0'

  '@opentelemetry/sdk-metrics@2.8.0':
    resolution: {integrity: sha512-UDBGaj6W0Rgy5rTTaoxs8gVGF/aGkAKyjurJv7se6wjRxJu7FoquTLT/vt54DZfo4crbprYfhX/SOK9+BPw1qg==}
    engines: {node: ^18.19.0 || >=20.6.0}
    peerDependencies:
      '@opentelemetry/api': '>=1.9.0 <1.10.0'

  '@opentelemetry/sdk-trace-base@2.8.0':
    resolution: {integrity: sha512-mhU4jp+vW0mGbFRd+GeXHvmfA4aDqWjBjLC3pE5XMpLs0IE2ryYb019Ts2AQrOq67gaTF25D91+fgvEHDZEnuQ==}
    engines: {node: ^18.19.0 || >=20.6.0}
    peerDependencies:
      '@opentelemetry/api': '>=1.3.0 <1.10.0'

  '@opentelemetry/sdk-trace-node@2.8.0':
    resolution: {integrity: sha512-nZt9OGufioAc3AfoLTqA9bsAeaMJAictYDdI2VcNQ+PmT+3rfKjAZDZvgPfd8VPX0O5Bw1hdQF6kDK8VSpZiWg==}
    engines: {node: ^18.19.0 || >=20.6.0}
    peerDependencies:
      '@opentelemetry/api': '>=1.0.0 <1.10.0'

  '@opentelemetry/semantic-conventions@1.41.1':
    resolution: {integrity: sha512-/UhIkaZgPutTFmQ7RnIJGgDXZmtEJ7Dvi86xNTFWcnRxVRNk/aotsqDJYeEvDP+FSMB2SdW+pQzNMcWP0rwuNA==}
    engines: {node: '>=14'}

  '@protobuf-ts/runtime@2.11.1':
    resolution: {integrity: sha512-KuDaT1IfHkugM2pyz+FwiY80ejWrkH1pAtOBOZFuR6SXEFTsnb/jiQWQ1rCIrcKx2BtyxnxW6BWwsVSA/Ie+WQ==}

  '@s2-dev/streamstore@0.24.1':
    resolution: {integrity: sha512-TjKPgyL3BKCB5LciUDbqEs5CoFlG5cGedsOux00oHvaQCrfoQlGnQoTlFx3x+2K6bhbk9KkCwJBRyxbmrEXT+g==}

  '@standard-schema/spec@1.1.0':
    resolution: {integrity: sha512-l2aFy5jALhniG5HgqrD6jXLi/rUWrKvqN/qJx6yoJsgKhblVd+iqqU4RCXavm/jPityDo5TCvKMnpjKnOriy0w==}

  '@types/node@22.20.0':
    resolution: {integrity: sha512-QWlFW2wf3nTjC13/DqRnBpR4ZO36VJH/JVBkA/vcnmbTBNQIlnObqyqZE1tUR7+Ni23Lda8R1BxMfbXRpCUx5g==}

  '@types/ws@8.18.1':
    resolution: {integrity: sha512-ThVF6DCVhA8kUGy+aazFQ4kXQ7E1Ty7A3ypFOe0IcJV8O/M511G99AW24irKrW56Wt44yG9+ij8FaqoBGkuBXg==}

  chdb@3.1.0:
    resolution: {integrity: sha512-nmaHKjAoupGFom1h+2sP+lsgPJv+wtzK0IAPlDCANgi0Zy0XBPboWRhHOU2rCRVn+XVh9LJPj0tnHN/yeIRfDQ==}
    engines: {node: '>=18.0.0'}
    peerDependencies:
      apache-arrow: '>=14'
    peerDependenciesMeta:
      apache-arrow:
        optional: true

  cluster-key-slot@1.1.1:
    resolution: {integrity: sha512-rwHwUfXL40Chm1r08yrhU3qpUvdVlgkKNeyeGPOxnW8/SyVDvgRaed/Uz54AqWNaTCAThlj6QAs3TZcKI0xDEw==}
    engines: {node: '>=0.10.0'}

  debug@4.4.3:
    resolution: {integrity: sha512-RGwwWnwQvkVfavKVt22FGLw+xYSdzARwm0ru6DhTVA3umU5hZc28V3kO4stgYryrTlLpuvgI9GiijltAjNbcqA==}
    engines: {node: '>=6.0'}
    peerDependencies:
      supports-color: '*'
    peerDependenciesMeta:
      supports-color:
        optional: true

  denque@2.1.0:
    resolution: {integrity: sha512-HVQE3AAb/pxF8fQAoiqpvg9i3evqug3hoiwakOyZAwJm+6vZehbkYXZ0l4JxS+I3QxM97v5aaRNhj8v5oBhekw==}
    engines: {node: '>=0.10'}

  detect-libc@2.1.2:
    resolution: {integrity: sha512-Btj2BOOO83o3WyH59e8MgXsxEQVcarkUOpEYrubB0urwnN10yQ364rsiByU11nZlqWYZm05i/of7io4mzihBtQ==}
    engines: {node: '>=8'}

  effect@4.0.0-beta.87:
    resolution: {integrity: sha512-GANlkUQo9pPN4tIOeUhF/gdgBq4OA1w5lUstT/GjS3Csd48Y6KV1FbxsEtq4/SNRBkl6JE0nU9pP9fi6/+GU7A==}

  fast-check@4.8.0:
    resolution: {integrity: sha512-GOJ158CUMnN6cSahsv4+ExARvIDuzzinFjkp0E9WtiBa5zcVeLozVkWaE4IzFcc+Y48Wp1EDlUZsXRyAztQcSg==}
    engines: {node: '>=12.17.0'}

  find-my-way-ts@0.1.6:
    resolution: {integrity: sha512-a85L9ZoXtNAey3Y6Z+eBWW658kO/MwR7zIafkIUPUMf3isZG0NCs2pjW2wtjxAKuJPxMAsHUIP4ZPGv0o5gyTA==}

  ini@7.0.0:
    resolution: {integrity: sha512-ifK0CgjALofS5bkrcTy4RaQ9Vx2Knf/eLeIO+NaswQEpH1UblrtTSCIvN71qQDMq0PeQ/SSPojvEJp9vvvfr+w==}
    engines: {node: ^22.22.2 || ^24.15.0 || >=26.0.0}

  ioredis@5.11.1:
    resolution: {integrity: sha512-ehuGcf94bQXhfagULNXrJdfnWO38v070jxSx/qE87Kjzmu2fU7ro5EFAb+OPituLqgfyuQaym5DlrNydW2sJ9A==}
    engines: {node: '>=12.22.0'}

  kubernetes-types@1.30.0:
    resolution: {integrity: sha512-Dew1okvhM/SQcIa2rcgujNndZwU8VnSapDgdxlYoB84ZlpAD43U6KLAFqYo17ykSFGHNPrg0qry0bP+GJd9v7Q==}

  mime@4.1.0:
    resolution: {integrity: sha512-X5ju04+cAzsojXKes0B/S4tcYtFAJ6tTMuSPBEn9CPGlrWr8Fiw7qYeLT0XyH80HSoAoqWCaz+MWKh22P7G1cw==}
    engines: {node: '>=16'}
    hasBin: true

  ms@2.1.3:
    resolution: {integrity: sha512-6FlzubTLZG3J2a/NVCAleEhjzq5oxgHyaCU9yYXvcLsvoVaHJq/s5xXI6/XXP6tz7R9xAOtHnSO/tXtF3WRTlA==}

  msgpackr-extract@3.0.4:
    resolution: {integrity: sha512-4kmO/MdyUIkLIvTPr8VHLil4AtoKIoniWPIEk5+CDy0xnWC84azhSFmuJ7PxZdsYtiP5kEeQsORAVIeMgxT+Hw==}
    hasBin: true

  msgpackr@2.0.4:
    resolution: {integrity: sha512-o1C5KRmuRt+apqMr1HuGSqWStZoRBUpEsCsl15uM9VdAF1qHLtvMOU2En747EnTyEl6c4pzPewRMFF31s1CNbA==}

  multipasta@0.2.7:
    resolution: {integrity: sha512-KPA58d68KgGil15oDqXjkUBEBYc00XvbPj5/X+dyzeo/lWm9Nc25pQRlf1D+gv4OpK7NM0J1odrbu9JNNGvynA==}

  node-addon-api@6.1.0:
    resolution: {integrity: sha512-+eawOlIgy680F0kBzPUNFhMZGtJ1YmqM6l4+Crf4IkImjYrO/mqPwRMh352g23uIaQKFItcQ64I7KMaJxHgAVA==}

  node-gyp-build-optional-packages@5.2.2:
    resolution: {integrity: sha512-s+w+rBWnpTMwSFbaE0UXsRlg7hU4FjekKU4eyAih5T8nJuNZT1nNsskXpxmeqSK9UzkBl6UgRlnKc8hz8IEqOw==}
    hasBin: true

  node-gyp-build@4.8.4:
    resolution: {integrity: sha512-LA4ZjwlnUblHVgq0oBF3Jl/6h/Nvs5fzBLwdEF4nuxnFdsfajde4WfxtJr3CaiH+F6ewcIB/q4jQ4UzPyid+CQ==}
    hasBin: true

  pure-rand@8.4.1:
    resolution: {integrity: sha512-c58R2+SPFcSIPXoU834QN/KPDDOSd8sXcSrqf6e83Me6Rrp1EYkxukkjXMVrKvKaADs1SOyNkWdfvLf6zY8qLQ==}

  redis-errors@1.2.0:
    resolution: {integrity: sha512-1qny3OExCf0UvUV/5wpYKf2YwPcOqXzkwKKSmKHiE6ZMQs5heeE/c8eXK+PNllPvmjgAbfnsbpkGZWy8cBpn9w==}
    engines: {node: '>=4'}

  redis-parser@3.0.0:
    resolution: {integrity: sha512-DJnGAeenTdpMEH6uAJRK/uiyEIH9WVsUmoLwzudwGJUwZPp80PDBWPHXSAGNPwNvIXAbe7MSUB1zQFugFml66A==}
    engines: {node: '>=4'}

  standard-as-callback@2.1.0:
    resolution: {integrity: sha512-qoRRSyROncaz1z0mvYqIE4lCd9p2R90i6GxW3uZv5ucSu8tU7B5HXUP1gG8pVZsYNVaXjk8ClXHPttLyxAL48A==}

  toml@4.1.1:
    resolution: {integrity: sha512-EBJnVBr3dTXdA89WVFoAIPUqkBjxPMwRqsfuo1r240tKFHXv3zgca4+NJib/h6TyvGF7vOawz0jGuryJCdNHrw==}
    engines: {node: '>=20'}

  undici-types@6.21.0:
    resolution: {integrity: sha512-iwDZqg0QAGrg9Rav5H4n0M64c3mkR59cJ6wQp+7C4nI0gsmExaedaYLNO44eT4AtBBwjbTiGPMlt2Md0T9H9JQ==}

  undici@8.5.0:
    resolution: {integrity: sha512-xamtWoB1EshgjpmlXd7GGm2VfdDtw1+rD8uhry8pSNW3If6S8E0m2T2+orSKeZXEn/aPJMviCpDBA65WJt8zhg==}
    engines: {node: '>=22.19.0'}

  uuid@14.0.1:
    resolution: {integrity: sha512-6ZxzVpzDXDa3bJWaHilVayA+BH/1zmxCJoVgvmqJnid/gPoKHxUrS/aC/T6LGQtNHT+XHG9fXPJB4d+IrU30Ew==}
    hasBin: true

  ws@8.21.0:
    resolution: {integrity: sha512-Vsp28b7DRcimFQvrqu2Wek3z1iYxDCWqHYB8Qsnk/S4RfaCQzPGPyBNuVjJV3cd6UiKtUtp6sNM77gWvzcCH+g==}
    engines: {node: '>=10.0.0'}
    peerDependencies:
      bufferutil: ^4.0.1
      utf-8-validate: '>=5.0.2'
    peerDependenciesMeta:
      bufferutil:
        optional: true
      utf-8-validate:
        optional: true

  yaml@2.9.0:
    resolution: {integrity: sha512-2AvhNX3mb8zd6Zy7INTtSpl1F15HW6Wnqj0srWlkKLcpYl/gMIMJiyuGq2KeI2YFxUPjdlB+3Lc10seMLtL4cA==}
    engines: {node: '>= 14.6'}
    hasBin: true

  zod@4.4.3:
    resolution: {integrity: sha512-ytENFjIJFl2UwYglde2jchW2Hwm4GJFLDiSXWdTrJQBIN9Fcyp7n4DhxJEiWNAJMV1/BqWfW/kkg71UDcHJyTQ==}

snapshots:

  '@agentclientprotocol/sdk@0.22.1(zod@4.4.3)':
    dependencies:
      zod: 4.4.3

  '@chdb/lib-darwin-arm64@26.5.2':
    optional: true

  '@chdb/lib-darwin-x64@26.5.2':
    optional: true

  '@chdb/lib-linux-arm64-gnu@26.5.2':
    optional: true

  '@chdb/lib-linux-x64-gnu@26.5.2':
    optional: true

  '@clickhouse/client-common@1.22.0': {}

  '@effect/opentelemetry@4.0.0-beta.87(@opentelemetry/api-logs@0.208.0)(@opentelemetry/api@1.9.1)(@opentelemetry/resources@2.8.0(@opentelemetry/api@1.9.1))(@opentelemetry/sdk-logs@0.208.0(@opentelemetry/api@1.9.1))(@opentelemetry/sdk-metrics@2.8.0(@opentelemetry/api@1.9.1))(@opentelemetry/sdk-trace-base@2.8.0(@opentelemetry/api@1.9.1))(@opentelemetry/sdk-trace-node@2.8.0(@opentelemetry/api@1.9.1))(@opentelemetry/semantic-conventions@1.41.1)(effect@4.0.0-beta.87)':
    dependencies:
      '@opentelemetry/semantic-conventions': 1.41.1
      effect: 4.0.0-beta.87
    optionalDependencies:
      '@opentelemetry/api': 1.9.1
      '@opentelemetry/api-logs': 0.208.0
      '@opentelemetry/resources': 2.8.0(@opentelemetry/api@1.9.1)
      '@opentelemetry/sdk-logs': 0.208.0(@opentelemetry/api@1.9.1)
      '@opentelemetry/sdk-metrics': 2.8.0(@opentelemetry/api@1.9.1)
      '@opentelemetry/sdk-trace-base': 2.8.0(@opentelemetry/api@1.9.1)
      '@opentelemetry/sdk-trace-node': 2.8.0(@opentelemetry/api@1.9.1)

  '@effect/platform-node-shared@4.0.0-beta.90(effect@4.0.0-beta.87)':
    dependencies:
      '@types/ws': 8.18.1
      effect: 4.0.0-beta.87
      ws: 8.21.0
    transitivePeerDependencies:
      - bufferutil
      - utf-8-validate

  '@effect/platform-node@4.0.0-beta.87(effect@4.0.0-beta.87)(ioredis@5.11.1)':
    dependencies:
      '@effect/platform-node-shared': 4.0.0-beta.90(effect@4.0.0-beta.87)
      effect: 4.0.0-beta.87
      ioredis: 5.11.1
      mime: 4.1.0
      undici: 8.5.0
    transitivePeerDependencies:
      - bufferutil
      - utf-8-validate

  '@ioredis/commands@1.10.0': {}

  '@marcbachmann/cel-js@7.6.1': {}

  '@msgpackr-extract/msgpackr-extract-darwin-arm64@3.0.4':
    optional: true

  '@msgpackr-extract/msgpackr-extract-darwin-x64@3.0.4':
    optional: true

  '@msgpackr-extract/msgpackr-extract-linux-arm64@3.0.4':
    optional: true

  '@msgpackr-extract/msgpackr-extract-linux-arm@3.0.4':
    optional: true

  '@msgpackr-extract/msgpackr-extract-linux-x64@3.0.4':
    optional: true

  '@msgpackr-extract/msgpackr-extract-win32-x64@3.0.4':
    optional: true

  '@opentelemetry/api-logs@0.208.0':
    dependencies:
      '@opentelemetry/api': 1.9.1

  '@opentelemetry/api@1.9.1': {}

  '@opentelemetry/context-async-hooks@2.8.0(@opentelemetry/api@1.9.1)':
    dependencies:
      '@opentelemetry/api': 1.9.1

  '@opentelemetry/core@2.2.0(@opentelemetry/api@1.9.1)':
    dependencies:
      '@opentelemetry/api': 1.9.1
      '@opentelemetry/semantic-conventions': 1.41.1

  '@opentelemetry/core@2.8.0(@opentelemetry/api@1.9.1)':
    dependencies:
      '@opentelemetry/api': 1.9.1
      '@opentelemetry/semantic-conventions': 1.41.1

  '@opentelemetry/resources@2.2.0(@opentelemetry/api@1.9.1)':
    dependencies:
      '@opentelemetry/api': 1.9.1
      '@opentelemetry/core': 2.2.0(@opentelemetry/api@1.9.1)
      '@opentelemetry/semantic-conventions': 1.41.1

  '@opentelemetry/resources@2.8.0(@opentelemetry/api@1.9.1)':
    dependencies:
      '@opentelemetry/api': 1.9.1
      '@opentelemetry/core': 2.8.0(@opentelemetry/api@1.9.1)
      '@opentelemetry/semantic-conventions': 1.41.1

  '@opentelemetry/sdk-logs@0.208.0(@opentelemetry/api@1.9.1)':
    dependencies:
      '@opentelemetry/api': 1.9.1
      '@opentelemetry/api-logs': 0.208.0
      '@opentelemetry/core': 2.2.0(@opentelemetry/api@1.9.1)
      '@opentelemetry/resources': 2.2.0(@opentelemetry/api@1.9.1)

  '@opentelemetry/sdk-metrics@2.8.0(@opentelemetry/api@1.9.1)':
    dependencies:
      '@opentelemetry/api': 1.9.1
      '@opentelemetry/core': 2.8.0(@opentelemetry/api@1.9.1)
      '@opentelemetry/resources': 2.8.0(@opentelemetry/api@1.9.1)

  '@opentelemetry/sdk-trace-base@2.8.0(@opentelemetry/api@1.9.1)':
    dependencies:
      '@opentelemetry/api': 1.9.1
      '@opentelemetry/core': 2.8.0(@opentelemetry/api@1.9.1)
      '@opentelemetry/resources': 2.8.0(@opentelemetry/api@1.9.1)
      '@opentelemetry/semantic-conventions': 1.41.1

  '@opentelemetry/sdk-trace-node@2.8.0(@opentelemetry/api@1.9.1)':
    dependencies:
      '@opentelemetry/api': 1.9.1
      '@opentelemetry/context-async-hooks': 2.8.0(@opentelemetry/api@1.9.1)
      '@opentelemetry/core': 2.8.0(@opentelemetry/api@1.9.1)
      '@opentelemetry/sdk-trace-base': 2.8.0(@opentelemetry/api@1.9.1)

  '@opentelemetry/semantic-conventions@1.41.1': {}

  '@protobuf-ts/runtime@2.11.1': {}

  '@s2-dev/streamstore@0.24.1':
    dependencies:
      '@protobuf-ts/runtime': 2.11.1
      debug: 4.4.3
    transitivePeerDependencies:
      - supports-color

  '@standard-schema/spec@1.1.0': {}

  '@types/node@22.20.0':
    dependencies:
      undici-types: 6.21.0

  '@types/ws@8.18.1':
    dependencies:
      '@types/node': 22.20.0

  chdb@3.1.0:
    dependencies:
      '@clickhouse/client-common': 1.22.0
      node-addon-api: 6.1.0
      node-gyp-build: 4.8.4
    optionalDependencies:
      '@chdb/lib-darwin-arm64': 26.5.2
      '@chdb/lib-darwin-x64': 26.5.2
      '@chdb/lib-linux-arm64-gnu': 26.5.2
      '@chdb/lib-linux-x64-gnu': 26.5.2

  cluster-key-slot@1.1.1: {}

  debug@4.4.3:
    dependencies:
      ms: 2.1.3

  denque@2.1.0: {}

  detect-libc@2.1.2:
    optional: true

  effect@4.0.0-beta.87:
    dependencies:
      '@standard-schema/spec': 1.1.0
      fast-check: 4.8.0
      find-my-way-ts: 0.1.6
      ini: 7.0.0
      kubernetes-types: 1.30.0
      msgpackr: 2.0.4
      multipasta: 0.2.7
      toml: 4.1.1
      uuid: 14.0.1
      yaml: 2.9.0

  fast-check@4.8.0:
    dependencies:
      pure-rand: 8.4.1

  find-my-way-ts@0.1.6: {}

  ini@7.0.0: {}

  ioredis@5.11.1:
    dependencies:
      '@ioredis/commands': 1.10.0
      cluster-key-slot: 1.1.1
      debug: 4.4.3
      denque: 2.1.0
      redis-errors: 1.2.0
      redis-parser: 3.0.0
      standard-as-callback: 2.1.0
    transitivePeerDependencies:
      - supports-color

  kubernetes-types@1.30.0: {}

  mime@4.1.0: {}

  ms@2.1.3: {}

  msgpackr-extract@3.0.4:
    dependencies:
      node-gyp-build-optional-packages: 5.2.2
    optionalDependencies:
      '@msgpackr-extract/msgpackr-extract-darwin-arm64': 3.0.4
      '@msgpackr-extract/msgpackr-extract-darwin-x64': 3.0.4
      '@msgpackr-extract/msgpackr-extract-linux-arm': 3.0.4
      '@msgpackr-extract/msgpackr-extract-linux-arm64': 3.0.4
      '@msgpackr-extract/msgpackr-extract-linux-x64': 3.0.4
      '@msgpackr-extract/msgpackr-extract-win32-x64': 3.0.4
    optional: true

  msgpackr@2.0.4:
    optionalDependencies:
      msgpackr-extract: 3.0.4

  multipasta@0.2.7: {}

  node-addon-api@6.1.0: {}

  node-gyp-build-optional-packages@5.2.2:
    dependencies:
      detect-libc: 2.1.2
    optional: true

  node-gyp-build@4.8.4: {}

  pure-rand@8.4.1: {}

  redis-errors@1.2.0: {}

  redis-parser@3.0.0:
    dependencies:
      redis-errors: 1.2.0

  standard-as-callback@2.1.0: {}

  toml@4.1.1: {}

  undici-types@6.21.0: {}

  undici@8.5.0: {}

  uuid@14.0.1: {}

  ws@8.21.0: {}

  yaml@2.9.0: {}

  zod@4.4.3: {}
